
Microsoft Visual Studio Solution File, Format Version 12.00
# Visual Studio Version 17
VisualStudioVersion = 17.11.35219.272
MinimumVisualStudioVersion = 10.0.40219.1
Project("{FAE04EC0-301F-11D3-BF4B-00C04F79EFBC}") = "W4-E2", "W4-E2.csproj", "{5BE5C0A8-F97D-4DBB-ACFF-31B7EF8FD5C1}"
EndProject
Global
	GlobalSection(SolutionConfigurationPlatforms) = preSolution
		Debug|Any CPU = Debug|Any CPU
		Release|Any CPU = Release|Any CPU
	EndGlobalSection
	GlobalSection(ProjectConfigurationPlatforms) = postSolution
		{5BE5C0A8-F97D-4DBB-ACFF-31B7EF8FD5C1}.Debug|Any CPU.ActiveCfg = Debug|Any CPU
		{5BE5C0A8-F97D-4DBB-ACFF-31B7EF8FD5C1}.Debug|Any CPU.Build.0 = Debug|Any CPU
		{5BE5C0A8-F97D-4DBB-ACFF-31B7EF8FD5C1}.Release|Any CPU.ActiveCfg = Release|Any CPU
		{5BE5C0A8-F97D-4DBB-ACFF-31B7EF8FD5C1}.Release|Any CPU.Build.0 = Release|Any CPU
	EndGlobalSection
	GlobalSection(SolutionProperties) = preSolution
		HideSolutionNode = FALSE
	EndGlobalSection
	GlobalSection(ExtensibilityGlobals) = postSolution
		SolutionGuid = {C72C080F-93C4-4986-8445-8A6658BFD3DB}
	EndGlobalSection
EndGlobal
